// !$*UTF8*$!
{
	archiveVersion = 1;
	classes = {
	};
	objectVersion = 50;
	objects = {

/* Begin PBXBuildFile section */
		680E0DA326AD3C6000D06D28 /* StocksDataFetcher.swift in Sources */ = {isa = PBXBuildFile; fileRef = 680E0DA226AD3C6000D06D28 /* StocksDataFetcher.swift */; };
		6851BA6A26AEE84A00E52C4B /* Stock.swift in Sources */ = {isa = PBXBuildFile; fileRef = 6851BA6926AEE84A00E52C4B /* Stock.swift */; };
		6851BA6C26AEEE6B00E52C4B /* StockListCell.swift in Sources */ = {isa = PBXBuildFile; fileRef = 6851BA6B26AEEE6B00E52C4B /* StockListCell.swift */; };
		6865F1542684448B00C098B1 /* TA_SignalsApp.swift in Sources */ = {isa = PBXBuildFile; fileRef = 6865F1532684448B00C098B1 /* TA_SignalsApp.swift */; };
		6865F1562684448B00C098B1 /* ContentView.swift in Sources */ = {isa = PBXBuildFile; fileRef = 6865F1552684448B00C098B1 /* ContentView.swift */; };
		6865F1582684448D00C098B1 /* Assets.xcassets in Resources */ = {isa = PBXBuildFile; fileRef = 6865F1572684448D00C098B1 /* Assets.xcassets */; };
		6865F15B2684448D00C098B1 /* Preview Assets.xcassets in Resources */ = {isa = PBXBuildFile; fileRef = 6865F15A2684448D00C098B1 /* Preview Assets.xcassets */; };
		6865F1662684448D00C098B1 /* TA_SignalsTests.swift in Sources */ = {isa = PBXBuildFile; fileRef = 6865F1652684448D00C098B1 /* TA_SignalsTests.swift */; };
		6865F1712684448D00C098B1 /* TA_SignalsUITests.swift in Sources */ = {isa = PBXBuildFile; fileRef = 6865F1702684448D00C098B1 /* TA_SignalsUITests.swift */; };
		6872FBCF26AFB79500CE3D02 /* TempEmptyView.swift in Sources */ = {isa = PBXBuildFile; fileRef = 6872FBCE26AFB79500CE3D02 /* TempEmptyView.swift */; };
		6872FBD126AFB84100CE3D02 /* TempMainView.swift in Sources */ = {isa = PBXBuildFile; fileRef = 6872FBD026AFB84100CE3D02 /* TempMainView.swift */; };
		68D8884426B0080B009B3491 /* TempSettingsView.swift in Sources */ = {isa = PBXBuildFile; fileRef = 68D8884326B0080B009B3491 /* TempSettingsView.swift */; };
/* End PBXBuildFile section */

/* Begin PBXContainerItemProxy section */
		6865F1622684448D00C098B1 /* PBXContainerItemProxy */ = {
			isa = PBXContainerItemProxy;
			containerPortal = 6865F1482684448A00C098B1 /* Project object */;
			proxyType = 1;
			remoteGlobalIDString = 6865F14F2684448B00C098B1;
			remoteInfo = "TA Signals";
		};
		6865F16D2684448D00C098B1 /* PBXContainerItemProxy */ = {
			isa = PBXContainerItemProxy;
			containerPortal = 6865F1482684448A00C098B1 /* Project object */;
			proxyType = 1;
			remoteGlobalIDString = 6865F14F2684448B00C098B1;
			remoteInfo = "TA Signals";
		};
/* End PBXContainerItemProxy section */

/* Begin PBXFileReference section */
		680E0DA226AD3C6000D06D28 /* StocksDataFetcher.swift */ = {isa = PBXFileReference; lastKnownFileType = sourcecode.swift; path = StocksDataFetcher.swift; sourceTree = "<group>"; };
		6851BA6926AEE84A00E52C4B /* Stock.swift */ = {isa = PBXFileReference; lastKnownFileType = sourcecode.swift; path = Stock.swift; sourceTree = "<group>"; };
		6851BA6B26AEEE6B00E52C4B /* StockListCell.swift */ = {isa = PBXFileReference; lastKnownFileType = sourcecode.swift; path = StockListCell.swift; sourceTree = "<group>"; };
		6865F1502684448B00C098B1 /* TA Signals.app */ = {isa = PBXFileReference; explicitFileType = wrapper.application; includeInIndex = 0; path = "TA Signals.app"; sourceTree = BUILT_PRODUCTS_DIR; };
		6865F1532684448B00C098B1 /* TA_SignalsApp.swift */ = {isa = PBXFileReference; lastKnownFileType = sourcecode.swift; path = TA_SignalsApp.swift; sourceTree = "<group>"; };
		6865F1552684448B00C098B1 /* ContentView.swift */ = {isa = PBXFileReference; lastKnownFileType = sourcecode.swift; path = ContentView.swift; sourceTree = "<group>"; };
		6865F1572684448D00C098B1 /* Assets.xcassets */ = {isa = PBXFileReference; lastKnownFileType = folder.assetcatalog; path = Assets.xcassets; sourceTree = "<group>"; };
		6865F15A2684448D00C098B1 /* Preview Assets.xcassets */ = {isa = PBXFileReference; lastKnownFileType = folder.assetcatalog; path = "Preview Assets.xcassets"; sourceTree = "<group>"; };
		6865F15C2684448D00C098B1 /* Info.plist */ = {isa = PBXFileReference; lastKnownFileType = text.plist.xml; path = Info.plist; sourceTree = "<group>"; };
		6865F1612684448D00C098B1 /* TA SignalsTests.xctest */ = {isa = PBXFileReference; explicitFileType = wrapper.cfbundle; includeInIndex = 0; path = "TA SignalsTests.xctest"; sourceTree = BUILT_PRODUCTS_DIR; };
		6865F1652684448D00C098B1 /* TA_SignalsTests.swift */ = {isa = PBXFileReference; lastKnownFileType = sourcecode.swift; path = TA_SignalsTests.swift; sourceTree = "<group>"; };
		6865F1672684448D00C098B1 /* Info.plist */ = {isa = PBXFileReference; lastKnownFileType = text.plist.xml; path = Info.plist; sourceTree = "<group>"; };
		6865F16C2684448D00C098B1 /* TA SignalsUITests.xctest */ = {isa = PBXFileReference; explicitFileType = wrapper.cfbundle; includeInIndex = 0; path = "TA SignalsUITests.xctest"; sourceTree = BUILT_PRODUCTS_DIR; };
		6865F1702684448D00C098B1 /* TA_SignalsUITests.swift */ = {isa = PBXFileReference; lastKnownFileType = sourcecode.swift; path = TA_SignalsUITests.swift; sourceTree = "<group>"; };
		6865F1722684448D00C098B1 /* Info.plist */ = {isa = PBXFileReference; lastKnownFileType = text.plist.xml; path = Info.plist; sourceTree = "<group>"; };
		6872FBCE26AFB79500CE3D02 /* TempEmptyView.swift */ = {isa = PBXFileReference; lastKnownFileType = sourcecode.swift; path = TempEmptyView.swift; sourceTree = "<group>"; };
		6872FBD026AFB84100CE3D02 /* TempMainView.swift */ = {isa = PBXFileReference; lastKnownFileType = sourcecode.swift; path = TempMainView.swift; sourceTree = "<group>"; };
		68D8884326B0080B009B3491 /* TempSettingsView.swift */ = {isa = PBXFileReference; lastKnownFileType = sourcecode.swift; path = TempSettingsView.swift; sourceTree = "<group>"; };
/* End PBXFileReference section */

/* Begin PBXFrameworksBuildPhase section */
		6865F14D2684448B00C098B1 /* Frameworks */ = {
			isa = PBXFrameworksBuildPhase;
			buildActionMask = 2147483647;
			files = (
			);
			runOnlyForDeploymentPostprocessing = 0;
		};
		6865F15E2684448D00C098B1 /* Frameworks */ = {
			isa = PBXFrameworksBuildPhase;
			buildActionMask = 2147483647;
			files = (
			);
			runOnlyForDeploymentPostprocessing = 0;
		};
		6865F1692684448D00C098B1 /* Frameworks */ = {
			isa = PBXFrameworksBuildPhase;
			buildActionMask = 2147483647;
			files = (
			);
			runOnlyForDeploymentPostprocessing = 0;
		};
/* End PBXFrameworksBuildPhase section */

/* Begin PBXGroup section */
		6865F1472684448A00C098B1 = {
			isa = PBXGroup;
			children = (
				6865F1522684448B00C098B1 /* TA Signals */,
				6865F1642684448D00C098B1 /* TA SignalsTests */,
				6865F16F2684448D00C098B1 /* TA SignalsUITests */,
				6865F1512684448B00C098B1 /* Products */,
			);
			sourceTree = "<group>";
		};
		6865F1512684448B00C098B1 /* Products */ = {
			isa = PBXGroup;
			children = (
				6865F1502684448B00C098B1 /* TA Signals.app */,
				6865F1612684448D00C098B1 /* TA SignalsTests.xctest */,
				6865F16C2684448D00C098B1 /* TA SignalsUITests.xctest */,
			);
			name = Products;
			sourceTree = "<group>";
		};
		6865F1522684448B00C098B1 /* TA Signals */ = {
			isa = PBXGroup;
			children = (
				6865F1532684448B00C098B1 /* TA_SignalsApp.swift */,
				6865F1552684448B00C098B1 /* ContentView.swift */,
				6865F1572684448D00C098B1 /* Assets.xcassets */,
				6865F15C2684448D00C098B1 /* Info.plist */,
				6865F1592684448D00C098B1 /* Preview Content */,
				680E0DA226AD3C6000D06D28 /* StocksDataFetcher.swift */,
				6851BA6926AEE84A00E52C4B /* Stock.swift */,
				6851BA6B26AEEE6B00E52C4B /* StockListCell.swift */,
				6872FBCE26AFB79500CE3D02 /* TempEmptyView.swift */,
				6872FBD026AFB84100CE3D02 /* TempMainView.swift */,
				68D8884326B0080B009B3491 /* TempSettingsView.swift */,
			);
			path = "TA Signals";
			sourceTree = "<group>";
		};
		6865F1592684448D00C098B1 /* Preview Content */ = {
			isa = PBXGroup;
			children = (
				6865F15A2684448D00C098B1 /* Preview Assets.xcassets */,
			);
			path = "Preview Content";
			sourceTree = "<group>";
		};
		6865F1642684448D00C098B1 /* TA SignalsTests */ = {
			isa = PBXGroup;
			children = (
				6865F1652684448D00C098B1 /* TA_SignalsTests.swift */,
				6865F1672684448D00C098B1 /* Info.plist */,
			);
			path = "TA SignalsTests";
			sourceTree = "<group>";
		};
		6865F16F2684448D00C098B1 /* TA SignalsUITests */ = {
			isa = PBXGroup;
			children = (
				6865F1702684448D00C098B1 /* TA_SignalsUITests.swift */,
				6865F1722684448D00C098B1 /* Info.plist */,
			);
			path = "TA SignalsUITests";
			sourceTree = "<group>";
		};
/* End PBXGroup section */

/* Begin PBXNativeTarget section */
		6865F14F2684448B00C098B1 /* TA Signals */ = {
			isa = PBXNativeTarget;
			buildConfigurationList = 6865F1752684448D00C098B1 /* Build configuration list for PBXNativeTarget "TA Signals" */;
			buildPhases = (
				6865F14C2684448B00C098B1 /* Sources */,
				6865F14D2684448B00C098B1 /* Frameworks */,
				6865F14E2684448B00C098B1 /* Resources */,
			);
			buildRules = (
			);
			dependencies = (
			);
			name = "TA Signals";
			productName = "TA Signals";
			productReference = 6865F1502684448B00C098B1 /* TA Signals.app */;
			productType = "com.apple.product-type.application";
		};
		6865F1602684448D00C098B1 /* TA SignalsTests */ = {
			isa = PBXNativeTarget;
			buildConfigurationList = 6865F1782684448D00C098B1 /* Build configuration list for PBXNativeTarget "TA SignalsTests" */;
			buildPhases = (
				6865F15D2684448D00C098B1 /* Sources */,
				6865F15E2684448D00C098B1 /* Frameworks */,
				6865F15F2684448D00C098B1 /* Resources */,
			);
			buildRules = (
			);
			dependencies = (
				6865F1632684448D00C098B1 /* PBXTargetDependency */,
			);
			name = "TA SignalsTests";
			productName = "TA SignalsTests";
			productReference = 6865F1612684448D00C098B1 /* TA SignalsTests.xctest */;
			productType = "com.apple.product-type.bundle.unit-test";
		};
		6865F16B2684448D00C098B1 /* TA SignalsUITests */ = {
			isa = PBXNativeTarget;
			buildConfigurationList = 6865F17B2684448D00C098B1 /* Build configuration list for PBXNativeTarget "TA SignalsUITests" */;
			buildPhases = (
				6865F1682684448D00C098B1 /* Sources */,
				6865F1692684448D00C098B1 /* Frameworks */,
				6865F16A2684448D00C098B1 /* Resources */,
			);
			buildRules = (
			);
			dependencies = (
				6865F16E2684448D00C098B1 /* PBXTargetDependency */,
			);
			name = "TA SignalsUITests";
			productName = "TA SignalsUITests";
			productReference = 6865F16C2684448D00C098B1 /* TA SignalsUITests.xctest */;
			productType = "com.apple.product-type.bundle.ui-testing";
		};
/* End PBXNativeTarget section */

/* Begin PBXProject section */
		6865F1482684448A00C098B1 /* Project object */ = {
			isa = PBXProject;
			attributes = {
				LastSwiftUpdateCheck = 1250;
				LastUpgradeCheck = 1250;
				TargetAttributes = {
					6865F14F2684448B00C098B1 = {
						CreatedOnToolsVersion = 12.5.1;
					};
					6865F1602684448D00C098B1 = {
						CreatedOnToolsVersion = 12.5.1;
						TestTargetID = 6865F14F2684448B00C098B1;
					};
					6865F16B2684448D00C098B1 = {
						CreatedOnToolsVersion = 12.5.1;
						TestTargetID = 6865F14F2684448B00C098B1;
					};
				};
			};
			buildConfigurationList = 6865F14B2684448A00C098B1 /* Build configuration list for PBXProject "TA Signals" */;
			compatibilityVersion = "Xcode 9.3";
			developmentRegion = en;
			hasScannedForEncodings = 0;
			knownRegions = (
				en,
				Base,
			);
			mainGroup = 6865F1472684448A00C098B1;
			productRefGroup = 6865F1512684448B00C098B1 /* Products */;
			projectDirPath = "";
			projectRoot = "";
			targets = (
				6865F14F2684448B00C098B1 /* TA Signals */,
				6865F1602684448D00C098B1 /* TA SignalsTests */,
				6865F16B2684448D00C098B1 /* TA SignalsUITests */,
			);
		};
/* End PBXProject section */

/* Begin PBXResourcesBuildPhase section */
		6865F14E2684448B00C098B1 /* Resources */ = {
			isa = PBXResourcesBuildPhase;
			buildActionMask = 2147483647;
			files = (
				6865F15B2684448D00C098B1 /* Preview Assets.xcassets in Resources */,
				6865F1582684448D00C098B1 /* Assets.xcassets in Resources */,
			);
			runOnlyForDeploymentPostprocessing = 0;
		};
		6865F15F2684448D00C098B1 /* Resources */ = {
			isa = PBXResourcesBuildPhase;
			buildActionMask = 2147483647;
			files = (
			);
			runOnlyForDeploymentPostprocessing = 0;
		};
		6865F16A2684448D00C098B1 /* Resources */ = {
			isa = PBXResourcesBuildPhase;
			buildActionMask = 2147483647;
			files = (
			);
			runOnlyForDeploymentPostprocessing = 0;
		};
/* End PBXResourcesBuildPhase section */

/* Begin PBXSourcesBuildPhase section */
		6865F14C2684448B00C098B1 /* Sources */ = {
			isa = PBXSourcesBuildPhase;
			buildActionMask = 2147483647;
			files = (
				6872FBD126AFB84100CE3D02 /* TempMainView.swift in Sources */,
				6865F1562684448B00C098B1 /* ContentView.swift in Sources */,
				6865F1542684448B00C098B1 /* TA_SignalsApp.swift in Sources */,
				68D8884426B0080B009B3491 /* TempSettingsView.swift in Sources */,
				6851BA6C26AEEE6B00E52C4B /* StockListCell.swift in Sources */,
				6851BA6A26AEE84A00E52C4B /* Stock.swift in Sources */,
				6872FBCF26AFB79500CE3D02 /* TempEmptyView.swift in Sources */,
				680E0DA326AD3C6000D06D28 /* StocksDataFetcher.swift in Sources */,
			);
			runOnlyForDeploymentPostprocessing = 0;
		};
		6865F15D2684448D00C098B1 /* Sources */ = {
			isa = PBXSourcesBuildPhase;
			buildActionMask = 2147483647;
			files = (
				6865F1662684448D00C098B1 /* TA_SignalsTests.swift in Sources */,
			);
			runOnlyForDeploymentPostprocessing = 0;
		};
		6865F1682684448D00C098B1 /* Sources */ = {
			isa = PBXSourcesBuildPhase;
			buildActionMask = 2147483647;
			files = (
				6865F1712684448D00C098B1 /* TA_SignalsUITests.swift in Sources */,
			);
			runOnlyForDeploymentPostprocessing = 0;
		};
/* End PBXSourcesBuildPhase section */

/* Begin PBXTargetDependency section */
		6865F1632684448D00C098B1 /* PBXTargetDependency */ = {
			isa = PBXTargetDependency;
			target = 6865F14F2684448B00C098B1 /* TA Signals */;
			targetProxy = 6865F1622684448D00C098B1 /* PBXContainerItemProxy */;
		};
		6865F16E2684448D00C098B1 /* PBXTargetDependency */ = {
			isa = PBXTargetDependency;
			target = 6865F14F2684448B00C098B1 /* TA Signals */;
			targetProxy = 6865F16D2684448D00C098B1 /* PBXContainerItemProxy */;
		};
/* End PBXTargetDependency section */

/* Begin XCBuildConfiguration section */
		6865F1732684448D00C098B1 /* Debug */ = {
			isa = XCBuildConfiguration;
			buildSettings = {
				ALWAYS_SEARCH_USER_PATHS = NO;
				CLANG_ANALYZER_NONNULL = YES;
				CLANG_ANALYZER_NUMBER_OBJECT_CONVERSION = YES_AGGRESSIVE;
				CLANG_CXX_LANGUAGE_STANDARD = "gnu++14";
				CLANG_CXX_LIBRARY = "libc++";
				CLANG_ENABLE_MODULES = YES;
				CLANG_ENABLE_OBJC_ARC = YES;
				CLANG_ENABLE_OBJC_WEAK = YES;
				CLANG_WARN_BLOCK_CAPTURE_AUTORELEASING = YES;
				CLANG_WARN_BOOL_CONVERSION = YES;
				CLANG_WARN_COMMA = YES;
				CLANG_WARN_CONSTANT_CONVERSION = YES;
				CLANG_WARN_DEPRECATED_OBJC_IMPLEMENTATIONS = YES;
				CLANG_WARN_DIRECT_OBJC_ISA_USAGE = YES_ERROR;
				CLANG_WARN_DOCUMENTATION_COMMENTS = YES;
				CLANG_WARN_EMPTY_BODY = YES;
				CLANG_WARN_ENUM_CONVERSION = YES;
				CLANG_WARN_INFINITE_RECURSION = YES;
				CLANG_WARN_INT_CONVERSION = YES;
				CLANG_WARN_NON_LITERAL_NULL_CONVERSION = YES;
				CLANG_WARN_OBJC_IMPLICIT_RETAIN_SELF = YES;
				CLANG_WARN_OBJC_LITERAL_CONVERSION = YES;
				CLANG_WARN_OBJC_ROOT_CLASS = YES_ERROR;
				CLANG_WARN_QUOTED_INCLUDE_IN_FRAMEWORK_HEADER = YES;
				CLANG_WARN_RANGE_LOOP_ANALYSIS = YES;
				CLANG_WARN_STRICT_PROTOTYPES = YES;
				CLANG_WARN_SUSPICIOUS_MOVE = YES;
				CLANG_WARN_UNGUARDED_AVAILABILITY = YES_AGGRESSIVE;
				CLANG_WARN_UNREACHABLE_CODE = YES;
				CLANG_WARN__DUPLICATE_METHOD_MATCH = YES;
				COPY_PHASE_STRIP = NO;
				DEBUG_INFORMATION_FORMAT = dwarf;
				ENABLE_STRICT_OBJC_MSGSEND = YES;
				ENABLE_TESTABILITY = YES;
				GCC_C_LANGUAGE_STANDARD = gnu11;
				GCC_DYNAMIC_NO_PIC = NO;
				GCC_NO_COMMON_BLOCKS = YES;
				GCC_OPTIMIZATION_LEVEL = 0;
				GCC_PREPROCESSOR_DEFINITIONS = (
					"DEBUG=1",
					"$(inherited)",
				);
				GCC_WARN_64_TO_32_BIT_CONVERSION = YES;
				GCC_WARN_ABOUT_RETURN_TYPE = YES_ERROR;
				GCC_WARN_UNDECLARED_SELECTOR = YES;
				GCC_WARN_UNINITIALIZED_AUTOS = YES_AGGRESSIVE;
				GCC_WARN_UNUSED_FUNCTION = YES;
				GCC_WARN_UNUSED_VARIABLE = YES;
				IPHONEOS_DEPLOYMENT_TARGET = 14.5;
				MTL_ENABLE_DEBUG_INFO = INCLUDE_SOURCE;
				MTL_FAST_MATH = YES;
				ONLY_ACTIVE_ARCH = YES;
				SDKROOT = iphoneos;
				SWIFT_ACTIVE_COMPILATION_CONDITIONS = DEBUG;
				SWIFT_OPTIMIZATION_LEVEL = "-Onone";
			};
			name = Debug;
		};
		6865F1742684448D00C098B1 /* Release */ = {
			isa = XCBuildConfiguration;
			buildSettings = {
				ALWAYS_SEARCH_USER_PATHS = NO;
				CLANG_ANALYZER_NONNULL = YES;
				CLANG_ANALYZER_NUMBER_OBJECT_CONVERSION = YES_AGGRESSIVE;
				CLANG_CXX_LANGUAGE_STANDARD = "gnu++14";
				CLANG_CXX_LIBRARY = "libc++";
				CLANG_ENABLE_MODULES = YES;
				CLANG_ENABLE_OBJC_ARC = YES;
				CLANG_ENABLE_OBJC_WEAK = YES;
				CLANG_WARN_BLOCK_CAPTURE_AUTORELEASING = YES;
				CLANG_WARN_BOOL_CONVERSION = YES;
				CLANG_WARN_COMMA = YES;
				CLANG_WARN_CONSTANT_CONVERSION = YES;
				CLANG_WARN_DEPRECATED_OBJC_IMPLEMENTATIONS = YES;
				CLANG_WARN_DIRECT_OBJC_ISA_USAGE = YES_ERROR;
				CLANG_WARN_DOCUMENTATION_COMMENTS = YES;
				CLANG_WARN_EMPTY_BODY = YES;
				CLANG_WARN_ENUM_CONVERSION = YES;
				CLANG_WARN_INFINITE_RECURSION = YES;
				CLANG_WARN_INT_CONVERSION = YES;
				CLANG_WARN_NON_LITERAL_NULL_CONVERSION = YES;
				CLANG_WARN_OBJC_IMPLICIT_RETAIN_SELF = YES;
				CLANG_WARN_OBJC_LITERAL_CONVERSION = YES;
				CLANG_WARN_OBJC_ROOT_CLASS = YES_ERROR;
				CLANG_WARN_QUOTED_INCLUDE_IN_FRAMEWORK_HEADER = YES;
				CLANG_WARN_RANGE_LOOP_ANALYSIS = YES;
				CLANG_WARN_STRICT_PROTOTYPES = YES;
				CLANG_WARN_SUSPICIOUS_MOVE = YES;
				CLANG_WARN_UNGUARDED_AVAILABILITY = YES_AGGRESSIVE;
				CLANG_WARN_UNREACHABLE_CODE = YES;
				CLANG_WARN__DUPLICATE_METHOD_MATCH = YES;
				COPY_PHASE_STRIP = NO;
				DEBUG_INFORMATION_FORMAT = "dwarf-with-dsym";
				ENABLE_NS_ASSERTIONS = NO;
				ENABLE_STRICT_OBJC_MSGSEND = YES;
				GCC_C_LANGUAGE_STANDARD = gnu11;
				GCC_NO_COMMON_BLOCKS = YES;
				GCC_WARN_64_TO_32_BIT_CONVERSION = YES;
				GCC_WARN_ABOUT_RETURN_TYPE = YES_ERROR;
				GCC_WARN_UNDECLARED_SELECTOR = YES;
				GCC_WARN_UNINITIALIZED_AUTOS = YES_AGGRESSIVE;
				GCC_WARN_UNUSED_FUNCTION = YES;
				GCC_WARN_UNUSED_VARIABLE = YES;
				IPHONEOS_DEPLOYMENT_TARGET = 14.5;
				MTL_ENABLE_DEBUG_INFO = NO;
				MTL_FAST_MATH = YES;
				SDKROOT = iphoneos;
				SWIFT_COMPILATION_MODE = wholemodule;
				SWIFT_OPTIMIZATION_LEVEL = "-O";
				VALIDATE_PRODUCT = YES;
			};
			name = Release;
		};
		6865F1762684448D00C098B1 /* Debug */ = {
			isa = XCBuildConfiguration;
			buildSettings = {
				ASSETCATALOG_COMPILER_APPICON_NAME = AppIcon;
				ASSETCATALOG_COMPILER_GLOBAL_ACCENT_COLOR_NAME = AccentColor;
				CODE_SIGN_STYLE = Automatic;
				DEVELOPMENT_ASSET_PATHS = "\"TA Signals/Preview Content\"";
				DEVELOPMENT_TEAM = HNL8ZJJ645;
				ENABLE_PREVIEWS = YES;
				INFOPLIST_FILE = "TA Signals/Info.plist";
				IPHONEOS_DEPLOYMENT_TARGET = 14.0;
				LD_RUNPATH_SEARCH_PATHS = (
					"$(inherited)",
					"@executable_path/Frameworks",
				);
				PRODUCT_BUNDLE_IDENTIFIER = "blog.tilcode.TA-Signals";
				PRODUCT_NAME = "$(TARGET_NAME)";
				SWIFT_VERSION = 5.0;
				TARGETED_DEVICE_FAMILY = "1,2";
			};
			name = Debug;
		};
		6865F1772684448D00C098B1 /* Release */ = {
			isa = XCBuildConfiguration;
			buildSettings = {
				ASSETCATALOG_COMPILER_APPICON_NAME = AppIcon;
				ASSETCATALOG_COMPILER_GLOBAL_ACCENT_COLOR_NAME = AccentColor;
				CODE_SIGN_STYLE = Automatic;
				DEVELOPMENT_ASSET_PATHS = "\"TA Signals/Preview Content\"";
				DEVELOPMENT_TEAM = HNL8ZJJ645;
				ENABLE_PREVIEWS = YES;
				INFOPLIST_FILE = "TA Signals/Info.plist";
				IPHONEOS_DEPLOYMENT_TARGET = 14.0;
				LD_RUNPATH_SEARCH_PATHS = (
					"$(inherited)",
					"@executable_path/Frameworks",
				);
				PRODUCT_BUNDLE_IDENTIFIER = "blog.tilcode.TA-Signals";
				PRODUCT_NAME = "$(TARGET_NAME)";
				SWIFT_VERSION = 5.0;
				TARGETED_DEVICE_FAMILY = "1,2";
			};
			name = Release;
		};
		6865F1792684448D00C098B1 /* Debug */ = {
			isa = XCBuildConfiguration;
			buildSettings = {
				ALWAYS_EMBED_SWIFT_STANDARD_LIBRARIES = YES;
				BUNDLE_LOADER = "$(TEST_HOST)";
				CODE_SIGN_STYLE = Automatic;
				INFOPLIST_FILE = "TA SignalsTests/Info.plist";
				IPHONEOS_DEPLOYMENT_TARGET = 14.0;
				LD_RUNPATH_SEARCH_PATHS = (
					"$(inherited)",
					"@executable_path/Frameworks",
					"@loader_path/Frameworks",
				);
				PRODUCT_BUNDLE_IDENTIFIER = "blog.tilcode.TA-SignalsTests";
				PRODUCT_NAME = "$(TARGET_NAME)";
				SWIFT_VERSION = 5.0;
				TARGETED_DEVICE_FAMILY = "1,2";
				TEST_HOST = "$(BUILT_PRODUCTS_DIR)/TA Signals.app/TA Signals";
			};
			name = Debug;
		};
		6865F17A2684448D00C098B1 /* Release */ = {
			isa = XCBuildConfiguration;
			buildSettings = {
				ALWAYS_EMBED_SWIFT_STANDARD_LIBRARIES = YES;
				BUNDLE_LOADER = "$(TEST_HOST)";
				CODE_SIGN_STYLE = Automatic;
				INFOPLIST_FILE = "TA SignalsTests/Info.plist";
				IPHONEOS_DEPLOYMENT_TARGET = 14.0;
				LD_RUNPATH_SEARCH_PATHS = (
					"$(inherited)",
					"@executable_path/Frameworks",
					"@loader_path/Frameworks",
				);
				PRODUCT_BUNDLE_IDENTIFIER = "blog.tilcode.TA-SignalsTests";
				PRODUCT_NAME = "$(TARGET_NAME)";
				SWIFT_VERSION = 5.0;
				TARGETED_DEVICE_FAMILY = "1,2";
				TEST_HOST = "$(BUILT_PRODUCTS_DIR)/TA Signals.app/TA Signals";
			};
			name = Release;
		};
		6865F17C2684448D00C098B1 /* Debug */ = {
			isa = XCBuildConfiguration;
			buildSettings = {
				ALWAYS_EMBED_SWIFT_STANDARD_LIBRARIES = YES;
				CODE_SIGN_STYLE = Automatic;
				INFOPLIST_FILE = "TA SignalsUITests/Info.plist";
				LD_RUNPATH_SEARCH_PATHS = (
					"$(inherited)",
					"@executable_path/Frameworks",
					"@loader_path/Frameworks",
				);
				PRODUCT_BUNDLE_IDENTIFIER = "blog.tilcode.TA-SignalsUITests";
				PRODUCT_NAME = "$(TARGET_NAME)";
				SWIFT_VERSION = 5.0;
				TARGETED_DEVICE_FAMILY = "1,2";
				TEST_TARGET_NAME = "TA Signals";
			};
			name = Debug;
		};
		6865F17D2684448D00C098B1 /* Release */ = {
			isa = XCBuildConfiguration;
			buildSettings = {
				ALWAYS_EMBED_SWIFT_STANDARD_LIBRARIES = YES;
				CODE_SIGN_STYLE = Automatic;
				INFOPLIST_FILE = "TA SignalsUITests/Info.plist";
				LD_RUNPATH_SEARCH_PATHS = (
					"$(inherited)",
					"@executable_path/Frameworks",
					"@loader_path/Frameworks",
				);
				PRODUCT_BUNDLE_IDENTIFIER = "blog.tilcode.TA-SignalsUITests";
				PRODUCT_NAME = "$(TARGET_NAME)";
				SWIFT_VERSION = 5.0;
				TARGETED_DEVICE_FAMILY = "1,2";
				TEST_TARGET_NAME = "TA Signals";
			};
			name = Release;
		};
/* End XCBuildConfiguration section */

/* Begin XCConfigurationList section */
		6865F14B2684448A00C098B1 /* Build configuration list for PBXProject "TA Signals" */ = {
			isa = XCConfigurationList;
			buildConfigurations = (
				6865F1732684448D00C098B1 /* Debug */,
				6865F1742684448D00C098B1 /* Release */,
			);
			defaultConfigurationIsVisible = 0;
			defaultConfigurationName = Release;
		};
		6865F1752684448D00C098B1 /* Build configuration list for PBXNativeTarget "TA Signals" */ = {
			isa = XCConfigurationList;
			buildConfigurations = (
				6865F1762684448D00C098B1 /* Debug */,
				6865F1772684448D00C098B1 /* Release */,
			);
			defaultConfigurationIsVisible = 0;
			defaultConfigurationName = Release;
		};
		6865F1782684448D00C098B1 /* Build configuration list for PBXNativeTarget "TA SignalsTests" */ = {
			isa = XCConfigurationList;
			buildConfigurations = (
				6865F1792684448D00C098B1 /* Debug */,
				6865F17A2684448D00C098B1 /* Release */,
			);
			defaultConfigurationIsVisible = 0;
			defaultConfigurationName = Release;
		};
		6865F17B2684448D00C098B1 /* Build configuration list for PBXNativeTarget "TA SignalsUITests" */ = {
			isa = XCConfigurationList;
			buildConfigurations = (
				6865F17C2684448D00C098B1 /* Debug */,
				6865F17D2684448D00C098B1 /* Release */,
			);
			defaultConfigurationIsVisible = 0;
			defaultConfigurationName = Release;
		};
/* End XCConfigurationList section */
	};
	rootObject = 6865F1482684448A00C098B1 /* Project object */;
}
